
Microsoft Visual Studio Solution File, Format Version 12.00
# Visual Studio Version 17
VisualStudioVersion = 17.14.36717.8 d17.14
MinimumVisualStudioVersion = 10.0.40219.1
Project("{FAE04EC0-301F-11D3-BF4B-00C04F79EFBC}") = "QLTN_LT", "QLTN_LT.csproj", "{7912D911-64EA-454F-A5A8-47F835842DF1}"
EndProject
Global
	GlobalSection(SolutionConfigurationPlatforms) = preSolution
		Debug|Any CPU = Debug|Any CPU
		Release|Any CPU = Release|Any CPU
	EndGlobalSection
	GlobalSection(ProjectConfigurationPlatforms) = postSolution
		{7912D911-64EA-454F-A5A8-47F835842DF1}.Debug|Any CPU.ActiveCfg = Debug|Any CPU
		{7912D911-64EA-454F-A5A8-47F835842DF1}.Debug|Any CPU.Build.0 = Debug|Any CPU
		{7912D911-64EA-454F-A5A8-47F835842DF1}.Release|Any CPU.ActiveCfg = Release|Any CPU
		{7912D911-64EA-454F-A5A8-47F835842DF1}.Release|Any CPU.Build.0 = Release|Any CPU
	EndGlobalSection
	GlobalSection(SolutionProperties) = preSolution
		HideSolutionNode = FALSE
	EndGlobalSection
	GlobalSection(ExtensibilityGlobals) = postSolution
		SolutionGuid = {607F3E6B-F649-411F-B1E7-5854F1BF81F5}
	EndGlobalSection
EndGlobal
